
Microsoft Visual Studio Solution File, Format Version 12.00
# Visual Studio Version 17
VisualStudioVersion = 17.8.34330.188
MinimumVisualStudioVersion = 10.0.40219.1
Project("{FAE04EC0-301F-11D3-BF4B-00C04F79EFBC}") = "faktoriyel hesaplama", "faktoriyel hesaplama\faktoriyel hesaplama.csproj", "{59AC9F01-7C08-4EDC-929A-A5AC63D87DFE}"
EndProject
Global
	GlobalSection(SolutionConfigurationPlatforms) = preSolution
		Debug|Any CPU = Debug|Any CPU
		Release|Any CPU = Release|Any CPU
	EndGlobalSection
	GlobalSection(ProjectConfigurationPlatforms) = postSolution
		{59AC9F01-7C08-4EDC-929A-A5AC63D87DFE}.Debug|Any CPU.ActiveCfg = Debug|Any CPU
		{59AC9F01-7C08-4EDC-929A-A5AC63D87DFE}.Debug|Any CPU.Build.0 = Debug|Any CPU
		{59AC9F01-7C08-4EDC-929A-A5AC63D87DFE}.Release|Any CPU.ActiveCfg = Release|Any CPU
		{59AC9F01-7C08-4EDC-929A-A5AC63D87DFE}.Release|Any CPU.Build.0 = Release|Any CPU
	EndGlobalSection
	GlobalSection(SolutionProperties) = preSolution
		HideSolutionNode = FALSE
	EndGlobalSection
	GlobalSection(ExtensibilityGlobals) = postSolution
		SolutionGuid = {242A9895-27CC-4C82-B853-DCDFCAD67DE4}
	EndGlobalSection
EndGlobal
